
Microsoft Visual Studio Solution File, Format Version 12.00
# Visual Studio 15
VisualStudioVersion = 15.0.27130.2010
MinimumVisualStudioVersion = 10.0.40219.1
Project("{FAE04EC0-301F-11D3-BF4B-00C04F79EFBC}") = "TextToSpeechExample", "TextToSpeechExample\TextToSpeechExample.csproj", "{5C32004B-B10B-4B35-AAFD-A9C63BE0A128}"
EndProject
Global
	GlobalSection(SolutionConfigurationPlatforms) = preSolution
		Debug|Any CPU = Debug|Any CPU
		Release|Any CPU = Release|Any CPU
	EndGlobalSection
	GlobalSection(ProjectConfigurationPlatforms) = postSolution
		{5C32004B-B10B-4B35-AAFD-A9C63BE0A128}.Debug|Any CPU.ActiveCfg = Debug|Any CPU
		{5C32004B-B10B-4B35-AAFD-A9C63BE0A128}.Debug|Any CPU.Build.0 = Debug|Any CPU
		{5C32004B-B10B-4B35-AAFD-A9C63BE0A128}.Release|Any CPU.ActiveCfg = Release|Any CPU
		{5C32004B-B10B-4B35-AAFD-A9C63BE0A128}.Release|Any CPU.Build.0 = Release|Any CPU
	EndGlobalSection
	GlobalSection(SolutionProperties) = preSolution
		HideSolutionNode = FALSE
	EndGlobalSection
	GlobalSection(ExtensibilityGlobals) = postSolution
		SolutionGuid = {C1BD7411-0B2A-4035-AC77-1A31D6317CE3}
	EndGlobalSection
EndGlobal
